// !$*UTF8*$!
{
	archiveVersion = 1;
	classes = {
	};
	objectVersion = 46;
	objects = {

/* Begin PBXBuildFile section */
		1AC8C0011CC1F69B00ABFE56 /* HKLColorTable.h in Headers */ = {isa = PBXBuildFile; fileRef = 1AC8C0001CC1F69B00ABFE56 /* HKLColorTable.h */; settings = {ATTRIBUTES = (Public, ); }; };
		1AC8C0081CC1F69B00ABFE56 /* HKLColorTable.framework in Frameworks */ = {isa = PBXBuildFile; fileRef = 1AC8BFFD1CC1F69B00ABFE56 /* HKLColorTable.framework */; };
		1AC8C00D1CC1F69B00ABFE56 /* HKLColorTableTests.swift in Sources */ = {isa = PBXBuildFile; fileRef = 1AC8C00C1CC1F69B00ABFE56 /* HKLColorTableTests.swift */; };
		1AC8C0211CC1F88600ABFE56 /* JpnJISColors.swift in Sources */ = {isa = PBXBuildFile; fileRef = 1AC8C0201CC1F88600ABFE56 /* JpnJISColors.swift */; };
		1AC8C02A1CC2306900ABFE56 /* SUColor.h in Headers */ = {isa = PBXBuildFile; fileRef = 1AC8C0261CC2306900ABFE56 /* SUColor.h */; };
		1AE6231E1CC23C930076D526 /* LICENSE in Resources */ = {isa = PBXBuildFile; fileRef = 1AE6231D1CC23C930076D526 /* LICENSE */; };
		1AE6231F1CC23DC80076D526 /* ColorTable.swift in Sources */ = {isa = PBXBuildFile; fileRef = 1AC8C02C1CC2396400ABFE56 /* ColorTable.swift */; };
		1AE623211CC247270076D526 /* JpnColors.swift in Sources */ = {isa = PBXBuildFile; fileRef = 1AE623201CC247270076D526 /* JpnColors.swift */; };
		1AE623231CC26F690076D526 /* WebColors.swift in Sources */ = {isa = PBXBuildFile; fileRef = 1AE623221CC26F690076D526 /* WebColors.swift */; };
		1AE623251CC272C80076D526 /* CommonColors.swift in Sources */ = {isa = PBXBuildFile; fileRef = 1AE623241CC272C80076D526 /* CommonColors.swift */; };
		1AE623271CC276330076D526 /* PantoneColors.swift in Sources */ = {isa = PBXBuildFile; fileRef = 1AE623261CC276330076D526 /* PantoneColors.swift */; };
		1AE6232A1CC278FC0076D526 /* ColorTable-JpnJISColor.swift in Sources */ = {isa = PBXBuildFile; fileRef = 1AE623291CC278FC0076D526 /* ColorTable-JpnJISColor.swift */; };
		1AE6232C1CC279570076D526 /* ColorTable-JpnColor.swift in Sources */ = {isa = PBXBuildFile; fileRef = 1AE6232B1CC279570076D526 /* ColorTable-JpnColor.swift */; };
		1AE6232E1CC279980076D526 /* ColorTable-WebColor.swift in Sources */ = {isa = PBXBuildFile; fileRef = 1AE6232D1CC279980076D526 /* ColorTable-WebColor.swift */; };
		1AE623301CC279F80076D526 /* ColorTable-CommonColor.swift in Sources */ = {isa = PBXBuildFile; fileRef = 1AE6232F1CC279F80076D526 /* ColorTable-CommonColor.swift */; };
		1AE623321CC27A4C0076D526 /* ColorTable-PantoneColor.swift in Sources */ = {isa = PBXBuildFile; fileRef = 1AE623311CC27A4C0076D526 /* ColorTable-PantoneColor.swift */; };
		1AE6233A1CC27D090076D526 /* AppDelegate.swift in Sources */ = {isa = PBXBuildFile; fileRef = 1AE623391CC27D090076D526 /* AppDelegate.swift */; };
		1AE6233C1CC27D090076D526 /* RootViewController.swift in Sources */ = {isa = PBXBuildFile; fileRef = 1AE6233B1CC27D090076D526 /* RootViewController.swift */; };
		1AE6233F1CC27D090076D526 /* Main.storyboard in Resources */ = {isa = PBXBuildFile; fileRef = 1AE6233D1CC27D090076D526 /* Main.storyboard */; };
		1AE623411CC27D090076D526 /* Assets.xcassets in Resources */ = {isa = PBXBuildFile; fileRef = 1AE623401CC27D090076D526 /* Assets.xcassets */; };
		1AE623441CC27D090076D526 /* LaunchScreen.storyboard in Resources */ = {isa = PBXBuildFile; fileRef = 1AE623421CC27D090076D526 /* LaunchScreen.storyboard */; };
		1AE623491CC282EC0076D526 /* HKLColorTable.framework in Frameworks */ = {isa = PBXBuildFile; fileRef = 1AC8BFFD1CC1F69B00ABFE56 /* HKLColorTable.framework */; };
		1AE6234A1CC282EC0076D526 /* HKLColorTable.framework in Embed Frameworks */ = {isa = PBXBuildFile; fileRef = 1AC8BFFD1CC1F69B00ABFE56 /* HKLColorTable.framework */; settings = {ATTRIBUTES = (CodeSignOnCopy, RemoveHeadersOnCopy, ); }; };
/* End PBXBuildFile section */

/* Begin PBXContainerItemProxy section */
		1AC8C0091CC1F69B00ABFE56 /* PBXContainerItemProxy */ = {
			isa = PBXContainerItemProxy;
			containerPortal = 1AC8BFF41CC1F69B00ABFE56 /* Project object */;
			proxyType = 1;
			remoteGlobalIDString = 1AC8BFFC1CC1F69B00ABFE56;
			remoteInfo = HKLColorTable;
		};
		1AE6234B1CC282EC0076D526 /* PBXContainerItemProxy */ = {
			isa = PBXContainerItemProxy;
			containerPortal = 1AC8BFF41CC1F69B00ABFE56 /* Project object */;
			proxyType = 1;
			remoteGlobalIDString = 1AC8BFFC1CC1F69B00ABFE56;
			remoteInfo = HKLColorTable;
		};
/* End PBXContainerItemProxy section */

/* Begin PBXCopyFilesBuildPhase section */
		1AE6234D1CC282EC0076D526 /* Embed Frameworks */ = {
			isa = PBXCopyFilesBuildPhase;
			buildActionMask = 2147483647;
			dstPath = "";
			dstSubfolderSpec = 10;
			files = (
				1AE6234A1CC282EC0076D526 /* HKLColorTable.framework in Embed Frameworks */,
			);
			name = "Embed Frameworks";
			runOnlyForDeploymentPostprocessing = 0;
		};
/* End PBXCopyFilesBuildPhase section */

/* Begin PBXFileReference section */
		1AC8BFFD1CC1F69B00ABFE56 /* HKLColorTable.framework */ = {isa = PBXFileReference; explicitFileType = wrapper.framework; includeInIndex = 0; path = HKLColorTable.framework; sourceTree = BUILT_PRODUCTS_DIR; };
		1AC8C0001CC1F69B00ABFE56 /* HKLColorTable.h */ = {isa = PBXFileReference; lastKnownFileType = sourcecode.c.h; path = HKLColorTable.h; sourceTree = "<group>"; };
		1AC8C0021CC1F69B00ABFE56 /* Info.plist */ = {isa = PBXFileReference; lastKnownFileType = text.plist.xml; path = Info.plist; sourceTree = "<group>"; };
		1AC8C0071CC1F69B00ABFE56 /* HKLColorTableTests.xctest */ = {isa = PBXFileReference; explicitFileType = wrapper.cfbundle; includeInIndex = 0; path = HKLColorTableTests.xctest; sourceTree = BUILT_PRODUCTS_DIR; };
		1AC8C00C1CC1F69B00ABFE56 /* HKLColorTableTests.swift */ = {isa = PBXFileReference; lastKnownFileType = sourcecode.swift; path = HKLColorTableTests.swift; sourceTree = "<group>"; };
		1AC8C00E1CC1F69B00ABFE56 /* Info.plist */ = {isa = PBXFileReference; lastKnownFileType = text.plist.xml; path = Info.plist; sourceTree = "<group>"; };
		1AC8C0201CC1F88600ABFE56 /* JpnJISColors.swift */ = {isa = PBXFileReference; fileEncoding = 4; lastKnownFileType = sourcecode.swift; path = JpnJISColors.swift; sourceTree = "<group>"; };
		1AC8C0241CC2306900ABFE56 /* KSColorTable.h */ = {isa = PBXFileReference; fileEncoding = 4; lastKnownFileType = sourcecode.c.h; path = KSColorTable.h; sourceTree = "<group>"; };
		1AC8C0251CC2306900ABFE56 /* KSColorTable.m */ = {isa = PBXFileReference; fileEncoding = 4; lastKnownFileType = sourcecode.c.objc; path = KSColorTable.m; sourceTree = "<group>"; };
		1AC8C0261CC2306900ABFE56 /* SUColor.h */ = {isa = PBXFileReference; fileEncoding = 4; lastKnownFileType = sourcecode.c.h; path = SUColor.h; sourceTree = "<group>"; };
		1AC8C0271CC2306900ABFE56 /* SUColor.m */ = {isa = PBXFileReference; fileEncoding = 4; lastKnownFileType = sourcecode.c.objc; path = SUColor.m; sourceTree = "<group>"; };
		1AC8C02C1CC2396400ABFE56 /* ColorTable.swift */ = {isa = PBXFileReference; fileEncoding = 4; lastKnownFileType = sourcecode.swift; path = ColorTable.swift; sourceTree = "<group>"; };
		1AE6231D1CC23C930076D526 /* LICENSE */ = {isa = PBXFileReference; fileEncoding = 4; lastKnownFileType = text; path = LICENSE; sourceTree = "<group>"; };
		1AE623201CC247270076D526 /* JpnColors.swift */ = {isa = PBXFileReference; fileEncoding = 4; lastKnownFileType = sourcecode.swift; path = JpnColors.swift; sourceTree = "<group>"; };
		1AE623221CC26F690076D526 /* WebColors.swift */ = {isa = PBXFileReference; fileEncoding = 4; lastKnownFileType = sourcecode.swift; path = WebColors.swift; sourceTree = "<group>"; };
		1AE623241CC272C80076D526 /* CommonColors.swift */ = {isa = PBXFileReference; fileEncoding = 4; lastKnownFileType = sourcecode.swift; path = CommonColors.swift; sourceTree = "<group>"; };
		1AE623261CC276330076D526 /* PantoneColors.swift */ = {isa = PBXFileReference; fileEncoding = 4; lastKnownFileType = sourcecode.swift; path = PantoneColors.swift; sourceTree = "<group>"; };
		1AE623291CC278FC0076D526 /* ColorTable-JpnJISColor.swift */ = {isa = PBXFileReference; fileEncoding = 4; lastKnownFileType = sourcecode.swift; name = "ColorTable-JpnJISColor.swift"; path = "Data/ColorTable-JpnJISColor.swift"; sourceTree = "<group>"; };
		1AE6232B1CC279570076D526 /* ColorTable-JpnColor.swift */ = {isa = PBXFileReference; fileEncoding = 4; lastKnownFileType = sourcecode.swift; name = "ColorTable-JpnColor.swift"; path = "Data/ColorTable-JpnColor.swift"; sourceTree = "<group>"; };
		1AE6232D1CC279980076D526 /* ColorTable-WebColor.swift */ = {isa = PBXFileReference; fileEncoding = 4; lastKnownFileType = sourcecode.swift; name = "ColorTable-WebColor.swift"; path = "Data/ColorTable-WebColor.swift"; sourceTree = "<group>"; };
		1AE6232F1CC279F80076D526 /* ColorTable-CommonColor.swift */ = {isa = PBXFileReference; fileEncoding = 4; lastKnownFileType = sourcecode.swift; name = "ColorTable-CommonColor.swift"; path = "Data/ColorTable-CommonColor.swift"; sourceTree = "<group>"; };
		1AE623311CC27A4C0076D526 /* ColorTable-PantoneColor.swift */ = {isa = PBXFileReference; fileEncoding = 4; lastKnownFileType = sourcecode.swift; name = "ColorTable-PantoneColor.swift"; path = "Data/ColorTable-PantoneColor.swift"; sourceTree = "<group>"; };
		1AE623371CC27D080076D526 /* ColorTable.app */ = {isa = PBXFileReference; explicitFileType = wrapper.application; includeInIndex = 0; path = ColorTable.app; sourceTree = BUILT_PRODUCTS_DIR; };
		1AE623391CC27D090076D526 /* AppDelegate.swift */ = {isa = PBXFileReference; lastKnownFileType = sourcecode.swift; path = AppDelegate.swift; sourceTree = "<group>"; };
		1AE6233B1CC27D090076D526 /* RootViewController.swift */ = {isa = PBXFileReference; lastKnownFileType = sourcecode.swift; path = RootViewController.swift; sourceTree = "<group>"; };
		1AE6233E1CC27D090076D526 /* Base */ = {isa = PBXFileReference; lastKnownFileType = file.storyboard; name = Base; path = Base.lproj/Main.storyboard; sourceTree = "<group>"; };
		1AE623401CC27D090076D526 /* Assets.xcassets */ = {isa = PBXFileReference; lastKnownFileType = folder.assetcatalog; path = Assets.xcassets; sourceTree = "<group>"; };
		1AE623431CC27D090076D526 /* Base */ = {isa = PBXFileReference; lastKnownFileType = file.storyboard; name = Base; path = Base.lproj/LaunchScreen.storyboard; sourceTree = "<group>"; };
		1AE623451CC27D090076D526 /* Info.plist */ = {isa = PBXFileReference; lastKnownFileType = text.plist.xml; path = Info.plist; sourceTree = "<group>"; };
/* End PBXFileReference section */

/* Begin PBXFrameworksBuildPhase section */
		1AC8BFF91CC1F69B00ABFE56 /* Frameworks */ = {
			isa = PBXFrameworksBuildPhase;
			buildActionMask = 2147483647;
			files = (
			);
			runOnlyForDeploymentPostprocessing = 0;
		};
		1AC8C0041CC1F69B00ABFE56 /* Frameworks */ = {
			isa = PBXFrameworksBuildPhase;
			buildActionMask = 2147483647;
			files = (
				1AC8C0081CC1F69B00ABFE56 /* HKLColorTable.framework in Frameworks */,
			);
			runOnlyForDeploymentPostprocessing = 0;
		};
		1AE623341CC27D080076D526 /* Frameworks */ = {
			isa = PBXFrameworksBuildPhase;
			buildActionMask = 2147483647;
			files = (
				1AE623491CC282EC0076D526 /* HKLColorTable.framework in Frameworks */,
			);
			runOnlyForDeploymentPostprocessing = 0;
		};
/* End PBXFrameworksBuildPhase section */

/* Begin PBXGroup section */
		1AC8BFF31CC1F69B00ABFE56 = {
			isa = PBXGroup;
			children = (
				1AC8BFFF1CC1F69B00ABFE56 /* HKLColorTable */,
				1AE623381CC27D090076D526 /* ColorTable */,
				1AC8C00B1CC1F69B00ABFE56 /* HKLColorTableTests */,
				1AC8BFFE1CC1F69B00ABFE56 /* Products */,
			);
			sourceTree = "<group>";
		};
		1AC8BFFE1CC1F69B00ABFE56 /* Products */ = {
			isa = PBXGroup;
			children = (
				1AC8BFFD1CC1F69B00ABFE56 /* HKLColorTable.framework */,
				1AC8C0071CC1F69B00ABFE56 /* HKLColorTableTests.xctest */,
				1AE623371CC27D080076D526 /* ColorTable.app */,
			);
			name = Products;
			sourceTree = "<group>";
		};
		1AC8BFFF1CC1F69B00ABFE56 /* HKLColorTable */ = {
			isa = PBXGroup;
			children = (
				1AC8C0001CC1F69B00ABFE56 /* HKLColorTable.h */,
				1AC8C0021CC1F69B00ABFE56 /* Info.plist */,
				1AC8C0221CC1F88C00ABFE56 /* Sources */,
				1AC8C0171CC1F72000ABFE56 /* SUColor */,
				1AE6231D1CC23C930076D526 /* LICENSE */,
			);
			path = HKLColorTable;
			sourceTree = "<group>";
		};
		1AC8C00B1CC1F69B00ABFE56 /* HKLColorTableTests */ = {
			isa = PBXGroup;
			children = (
				1AC8C00C1CC1F69B00ABFE56 /* HKLColorTableTests.swift */,
				1AC8C00E1CC1F69B00ABFE56 /* Info.plist */,
			);
			path = HKLColorTableTests;
			sourceTree = "<group>";
		};
		1AC8C0171CC1F72000ABFE56 /* SUColor */ = {
			isa = PBXGroup;
			children = (
				1AC8C0241CC2306900ABFE56 /* KSColorTable.h */,
				1AC8C0251CC2306900ABFE56 /* KSColorTable.m */,
				1AC8C0261CC2306900ABFE56 /* SUColor.h */,
				1AC8C0271CC2306900ABFE56 /* SUColor.m */,
			);
			path = SUColor;
			sourceTree = "<group>";
		};
		1AC8C0221CC1F88C00ABFE56 /* Sources */ = {
			isa = PBXGroup;
			children = (
				1AC8C0201CC1F88600ABFE56 /* JpnJISColors.swift */,
				1AE623201CC247270076D526 /* JpnColors.swift */,
				1AE623241CC272C80076D526 /* CommonColors.swift */,
				1AE623221CC26F690076D526 /* WebColors.swift */,
				1AE623261CC276330076D526 /* PantoneColors.swift */,
				1AE623281CC278D90076D526 /* Data */,
			);
			path = Sources;
			sourceTree = "<group>";
		};
		1AE623281CC278D90076D526 /* Data */ = {
			isa = PBXGroup;
			children = (
				1AC8C02C1CC2396400ABFE56 /* ColorTable.swift */,
				1AE623291CC278FC0076D526 /* ColorTable-JpnJISColor.swift */,
				1AE6232B1CC279570076D526 /* ColorTable-JpnColor.swift */,
				1AE6232D1CC279980076D526 /* ColorTable-WebColor.swift */,
				1AE6232F1CC279F80076D526 /* ColorTable-CommonColor.swift */,
				1AE623311CC27A4C0076D526 /* ColorTable-PantoneColor.swift */,
			);
			name = Data;
			sourceTree = "<group>";
		};
		1AE623381CC27D090076D526 /* ColorTable */ = {
			isa = PBXGroup;
			children = (
				1AE623391CC27D090076D526 /* AppDelegate.swift */,
				1AE6233B1CC27D090076D526 /* RootViewController.swift */,
				1AE6233D1CC27D090076D526 /* Main.storyboard */,
				1AE623401CC27D090076D526 /* Assets.xcassets */,
				1AE623421CC27D090076D526 /* LaunchScreen.storyboard */,
				1AE623451CC27D090076D526 /* Info.plist */,
			);
			path = ColorTable;
			sourceTree = "<group>";
		};
/* End PBXGroup section */

/* Begin PBXHeadersBuildPhase section */
		1AC8BFFA1CC1F69B00ABFE56 /* Headers */ = {
			isa = PBXHeadersBuildPhase;
			buildActionMask = 2147483647;
			files = (
				1AC8C02A1CC2306900ABFE56 /* SUColor.h in Headers */,
				1AC8C0011CC1F69B00ABFE56 /* HKLColorTable.h in Headers */,
			);
			runOnlyForDeploymentPostprocessing = 0;
		};
/* End PBXHeadersBuildPhase section */

/* Begin PBXNativeTarget section */
		1AC8BFFC1CC1F69B00ABFE56 /* HKLColorTable */ = {
			isa = PBXNativeTarget;
			buildConfigurationList = 1AC8C0111CC1F69B00ABFE56 /* Build configuration list for PBXNativeTarget "HKLColorTable" */;
			buildPhases = (
				1AC8BFF81CC1F69B00ABFE56 /* Sources */,
				1AC8BFF91CC1F69B00ABFE56 /* Frameworks */,
				1AC8BFFA1CC1F69B00ABFE56 /* Headers */,
				1AC8BFFB1CC1F69B00ABFE56 /* Resources */,
			);
			buildRules = (
			);
			dependencies = (
			);
			name = HKLColorTable;
			productName = HKLColorTable;
			productReference = 1AC8BFFD1CC1F69B00ABFE56 /* HKLColorTable.framework */;
			productType = "com.apple.product-type.framework";
		};
		1AC8C0061CC1F69B00ABFE56 /* HKLColorTableTests */ = {
			isa = PBXNativeTarget;
			buildConfigurationList = 1AC8C0141CC1F69B00ABFE56 /* Build configuration list for PBXNativeTarget "HKLColorTableTests" */;
			buildPhases = (
				1AC8C0031CC1F69B00ABFE56 /* Sources */,
				1AC8C0041CC1F69B00ABFE56 /* Frameworks */,
				1AC8C0051CC1F69B00ABFE56 /* Resources */,
			);
			buildRules = (
			);
			dependencies = (
				1AC8C00A1CC1F69B00ABFE56 /* PBXTargetDependency */,
			);
			name = HKLColorTableTests;
			productName = HKLColorTableTests;
			productReference = 1AC8C0071CC1F69B00ABFE56 /* HKLColorTableTests.xctest */;
			productType = "com.apple.product-type.bundle.unit-test";
		};
		1AE623361CC27D080076D526 /* ColorTable */ = {
			isa = PBXNativeTarget;
			buildConfigurationList = 1AE623461CC27D090076D526 /* Build configuration list for PBXNativeTarget "ColorTable" */;
			buildPhases = (
				1AE623331CC27D080076D526 /* Sources */,
				1AE623341CC27D080076D526 /* Frameworks */,
				1AE623351CC27D080076D526 /* Resources */,
				1AE6234D1CC282EC0076D526 /* Embed Frameworks */,
			);
			buildRules = (
			);
			dependencies = (
				1AE6234C1CC282EC0076D526 /* PBXTargetDependency */,
			);
			name = ColorTable;
			productName = ColorTable;
			productReference = 1AE623371CC27D080076D526 /* ColorTable.app */;
			productType = "com.apple.product-type.application";
		};
/* End PBXNativeTarget section */

/* Begin PBXProject section */
		1AC8BFF41CC1F69B00ABFE56 /* Project object */ = {
			isa = PBXProject;
			attributes = {
				LastSwiftUpdateCheck = 0730;
				LastUpgradeCheck = 0730;
				ORGANIZATIONNAME = "Hirohito Kato";
				TargetAttributes = {
					1AC8BFFC1CC1F69B00ABFE56 = {
						CreatedOnToolsVersion = 7.3;
					};
					1AC8C0061CC1F69B00ABFE56 = {
						CreatedOnToolsVersion = 7.3;
					};
					1AE623361CC27D080076D526 = {
						CreatedOnToolsVersion = 7.3;
					};
				};
			};
			buildConfigurationList = 1AC8BFF71CC1F69B00ABFE56 /* Build configuration list for PBXProject "HKLColorTable" */;
			compatibilityVersion = "Xcode 3.2";
			developmentRegion = English;
			hasScannedForEncodings = 0;
			knownRegions = (
				en,
				Base,
			);
			mainGroup = 1AC8BFF31CC1F69B00ABFE56;
			productRefGroup = 1AC8BFFE1CC1F69B00ABFE56 /* Products */;
			projectDirPath = "";
			projectRoot = "";
			targets = (
				1AC8BFFC1CC1F69B00ABFE56 /* HKLColorTable */,
				1AE623361CC27D080076D526 /* ColorTable */,
				1AC8C0061CC1F69B00ABFE56 /* HKLColorTableTests */,
			);
		};
/* End PBXProject section */

/* Begin PBXResourcesBuildPhase section */
		1AC8BFFB1CC1F69B00ABFE56 /* Resources */ = {
			isa = PBXResourcesBuildPhase;
			buildActionMask = 2147483647;
			files = (
				1AE6231E1CC23C930076D526 /* LICENSE in Resources */,
			);
			runOnlyForDeploymentPostprocessing = 0;
		};
		1AC8C0051CC1F69B00ABFE56 /* Resources */ = {
			isa = PBXResourcesBuildPhase;
			buildActionMask = 2147483647;
			files = (
			);
			runOnlyForDeploymentPostprocessing = 0;
		};
		1AE623351CC27D080076D526 /* Resources */ = {
			isa = PBXResourcesBuildPhase;
			buildActionMask = 2147483647;
			files = (
				1AE623441CC27D090076D526 /* LaunchScreen.storyboard in Resources */,
				1AE623411CC27D090076D526 /* Assets.xcassets in Resources */,
				1AE6233F1CC27D090076D526 /* Main.storyboard in Resources */,
			);
			runOnlyForDeploymentPostprocessing = 0;
		};
/* End PBXResourcesBuildPhase section */

/* Begin PBXSourcesBuildPhase section */
		1AC8BFF81CC1F69B00ABFE56 /* Sources */ = {
			isa = PBXSourcesBuildPhase;
			buildActionMask = 2147483647;
			files = (
				1AE623251CC272C80076D526 /* CommonColors.swift in Sources */,
				1AE623301CC279F80076D526 /* ColorTable-CommonColor.swift in Sources */,
				1AE6232E1CC279980076D526 /* ColorTable-WebColor.swift in Sources */,
				1AE623211CC247270076D526 /* JpnColors.swift in Sources */,
				1AE6232A1CC278FC0076D526 /* ColorTable-JpnJISColor.swift in Sources */,
				1AE6231F1CC23DC80076D526 /* ColorTable.swift in Sources */,
				1AE623231CC26F690076D526 /* WebColors.swift in Sources */,
				1AE623321CC27A4C0076D526 /* ColorTable-PantoneColor.swift in Sources */,
				1AC8C0211CC1F88600ABFE56 /* JpnJISColors.swift in Sources */,
				1AE623271CC276330076D526 /* PantoneColors.swift in Sources */,
				1AE6232C1CC279570076D526 /* ColorTable-JpnColor.swift in Sources */,
			);
			runOnlyForDeploymentPostprocessing = 0;
		};
		1AC8C0031CC1F69B00ABFE56 /* Sources */ = {
			isa = PBXSourcesBuildPhase;
			buildActionMask = 2147483647;
			files = (
				1AC8C00D1CC1F69B00ABFE56 /* HKLColorTableTests.swift in Sources */,
			);
			runOnlyForDeploymentPostprocessing = 0;
		};
		1AE623331CC27D080076D526 /* Sources */ = {
			isa = PBXSourcesBuildPhase;
			buildActionMask = 2147483647;
			files = (
				1AE6233C1CC27D090076D526 /* RootViewController.swift in Sources */,
				1AE6233A1CC27D090076D526 /* AppDelegate.swift in Sources */,
			);
			runOnlyForDeploymentPostprocessing = 0;
		};
/* End PBXSourcesBuildPhase section */

/* Begin PBXTargetDependency section */
		1AC8C00A1CC1F69B00ABFE56 /* PBXTargetDependency */ = {
			isa = PBXTargetDependency;
			target = 1AC8BFFC1CC1F69B00ABFE56 /* HKLColorTable */;
			targetProxy = 1AC8C0091CC1F69B00ABFE56 /* PBXContainerItemProxy */;
		};
		1AE6234C1CC282EC0076D526 /* PBXTargetDependency */ = {
			isa = PBXTargetDependency;
			target = 1AC8BFFC1CC1F69B00ABFE56 /* HKLColorTable */;
			targetProxy = 1AE6234B1CC282EC0076D526 /* PBXContainerItemProxy */;
		};
/* End PBXTargetDependency section */

/* Begin PBXVariantGroup section */
		1AE6233D1CC27D090076D526 /* Main.storyboard */ = {
			isa = PBXVariantGroup;
			children = (
				1AE6233E1CC27D090076D526 /* Base */,
			);
			name = Main.storyboard;
			sourceTree = "<group>";
		};
		1AE623421CC27D090076D526 /* LaunchScreen.storyboard */ = {
			isa = PBXVariantGroup;
			children = (
				1AE623431CC27D090076D526 /* Base */,
			);
			name = LaunchScreen.storyboard;
			sourceTree = "<group>";
		};
/* End PBXVariantGroup section */

/* Begin XCBuildConfiguration section */
		1AC8C00F1CC1F69B00ABFE56 /* Debug */ = {
			isa = XCBuildConfiguration;
			buildSettings = {
				ALWAYS_SEARCH_USER_PATHS = NO;
				CLANG_ANALYZER_NONNULL = YES;
				CLANG_CXX_LANGUAGE_STANDARD = "gnu++0x";
				CLANG_CXX_LIBRARY = "libc++";
				CLANG_ENABLE_MODULES = YES;
				CLANG_ENABLE_OBJC_ARC = YES;
				CLANG_WARN_BOOL_CONVERSION = YES;
				CLANG_WARN_CONSTANT_CONVERSION = YES;
				CLANG_WARN_DIRECT_OBJC_ISA_USAGE = YES_ERROR;
				CLANG_WARN_EMPTY_BODY = YES;
				CLANG_WARN_ENUM_CONVERSION = YES;
				CLANG_WARN_INT_CONVERSION = YES;
				CLANG_WARN_OBJC_ROOT_CLASS = YES_ERROR;
				CLANG_WARN_UNREACHABLE_CODE = YES;
				CLANG_WARN__DUPLICATE_METHOD_MATCH = YES;
				"CODE_SIGN_IDENTITY[sdk=iphoneos*]" = "iPhone Developer";
				COPY_PHASE_STRIP = NO;
				CURRENT_PROJECT_VERSION = 1;
				DEBUG_INFORMATION_FORMAT = dwarf;
				ENABLE_STRICT_OBJC_MSGSEND = YES;
				ENABLE_TESTABILITY = YES;
				GCC_C_LANGUAGE_STANDARD = gnu99;
				GCC_DYNAMIC_NO_PIC = NO;
				GCC_NO_COMMON_BLOCKS = YES;
				GCC_OPTIMIZATION_LEVEL = 0;
				GCC_PREPROCESSOR_DEFINITIONS = (
					"DEBUG=1",
					"$(inherited)",
				);
				GCC_WARN_64_TO_32_BIT_CONVERSION = YES;
				GCC_WARN_ABOUT_RETURN_TYPE = YES_ERROR;
				GCC_WARN_UNDECLARED_SELECTOR = YES;
				GCC_WARN_UNINITIALIZED_AUTOS = YES_AGGRESSIVE;
				GCC_WARN_UNUSED_FUNCTION = YES;
				GCC_WARN_UNUSED_VARIABLE = YES;
				IPHONEOS_DEPLOYMENT_TARGET = 9.3;
				MTL_ENABLE_DEBUG_INFO = YES;
				ONLY_ACTIVE_ARCH = YES;
				SDKROOT = iphoneos;
				SWIFT_OPTIMIZATION_LEVEL = "-Onone";
				TARGETED_DEVICE_FAMILY = "1,2";
				VERSIONING_SYSTEM = "apple-generic";
				VERSION_INFO_PREFIX = "";
			};
			name = Debug;
		};
		1AC8C0101CC1F69B00ABFE56 /* Release */ = {
			isa = XCBuildConfiguration;
			buildSettings = {
				ALWAYS_SEARCH_USER_PATHS = NO;
				CLANG_ANALYZER_NONNULL = YES;
				CLANG_CXX_LANGUAGE_STANDARD = "gnu++0x";
				CLANG_CXX_LIBRARY = "libc++";
				CLANG_ENABLE_MODULES = YES;
				CLANG_ENABLE_OBJC_ARC = YES;
				CLANG_WARN_BOOL_CONVERSION = YES;
				CLANG_WARN_CONSTANT_CONVERSION = YES;
				CLANG_WARN_DIRECT_OBJC_ISA_USAGE = YES_ERROR;
				CLANG_WARN_EMPTY_BODY = YES;
				CLANG_WARN_ENUM_CONVERSION = YES;
				CLANG_WARN_INT_CONVERSION = YES;
				CLANG_WARN_OBJC_ROOT_CLASS = YES_ERROR;
				CLANG_WARN_UNREACHABLE_CODE = YES;
				CLANG_WARN__DUPLICATE_METHOD_MATCH = YES;
				"CODE_SIGN_IDENTITY[sdk=iphoneos*]" = "iPhone Developer";
				COPY_PHASE_STRIP = NO;
				CURRENT_PROJECT_VERSION = 1;
				DEBUG_INFORMATION_FORMAT = "dwarf-with-dsym";
				ENABLE_NS_ASSERTIONS = NO;
				ENABLE_STRICT_OBJC_MSGSEND = YES;
				GCC_C_LANGUAGE_STANDARD = gnu99;
				GCC_NO_COMMON_BLOCKS = YES;
				GCC_WARN_64_TO_32_BIT_CONVERSION = YES;
				GCC_WARN_ABOUT_RETURN_TYPE = YES_ERROR;
				GCC_WARN_UNDECLARED_SELECTOR = YES;
				GCC_WARN_UNINITIALIZED_AUTOS = YES_AGGRESSIVE;
				GCC_WARN_UNUSED_FUNCTION = YES;
				GCC_WARN_UNUSED_VARIABLE = YES;
				IPHONEOS_DEPLOYMENT_TARGET = 9.3;
				MTL_ENABLE_DEBUG_INFO = NO;
				SDKROOT = iphoneos;
				TARGETED_DEVICE_FAMILY = "1,2";
				VALIDATE_PRODUCT = YES;
				VERSIONING_SYSTEM = "apple-generic";
				VERSION_INFO_PREFIX = "";
			};
			name = Release;
		};
		1AC8C0121CC1F69B00ABFE56 /* Debug */ = {
			isa = XCBuildConfiguration;
			buildSettings = {
				CLANG_ENABLE_MODULES = YES;
				DEFINES_MODULE = YES;
				DYLIB_COMPATIBILITY_VERSION = 1;
				DYLIB_CURRENT_VERSION = 1;
				DYLIB_INSTALL_NAME_BASE = "@rpath";
				INFOPLIST_FILE = HKLColorTable/Info.plist;
				INSTALL_PATH = "$(LOCAL_LIBRARY_DIR)/Frameworks";
				LD_RUNPATH_SEARCH_PATHS = "$(inherited) @executable_path/Frameworks @loader_path/Frameworks";
				PRODUCT_BUNDLE_IDENTIFIER = com.KatokichiSoft.HKLColorTable;
				PRODUCT_NAME = "$(TARGET_NAME)";
				SKIP_INSTALL = YES;
				SWIFT_OPTIMIZATION_LEVEL = "-Onone";
			};
			name = Debug;
		};
		1AC8C0131CC1F69B00ABFE56 /* Release */ = {
			isa = XCBuildConfiguration;
			buildSettings = {
				CLANG_ENABLE_MODULES = YES;
				DEFINES_MODULE = YES;
				DYLIB_COMPATIBILITY_VERSION = 1;
				DYLIB_CURRENT_VERSION = 1;
				DYLIB_INSTALL_NAME_BASE = "@rpath";
				INFOPLIST_FILE = HKLColorTable/Info.plist;
				INSTALL_PATH = "$(LOCAL_LIBRARY_DIR)/Frameworks";
				LD_RUNPATH_SEARCH_PATHS = "$(inherited) @executable_path/Frameworks @loader_path/Frameworks";
				PRODUCT_BUNDLE_IDENTIFIER = com.KatokichiSoft.HKLColorTable;
				PRODUCT_NAME = "$(TARGET_NAME)";
				SKIP_INSTALL = YES;
			};
			name = Release;
		};
		1AC8C0151CC1F69B00ABFE56 /* Debug */ = {
			isa = XCBuildConfiguration;
			buildSettings = {
				INFOPLIST_FILE = HKLColorTableTests/Info.plist;
				LD_RUNPATH_SEARCH_PATHS = "$(inherited) @executable_path/Frameworks @loader_path/Frameworks";
				PRODUCT_BUNDLE_IDENTIFIER = com.KatokichiSoft.HKLColorTableTests;
				PRODUCT_NAME = "$(TARGET_NAME)";
			};
			name = Debug;
		};
		1AC8C0161CC1F69B00ABFE56 /* Release */ = {
			isa = XCBuildConfiguration;
			buildSettings = {
				INFOPLIST_FILE = HKLColorTableTests/Info.plist;
				LD_RUNPATH_SEARCH_PATHS = "$(inherited) @executable_path/Frameworks @loader_path/Frameworks";
				PRODUCT_BUNDLE_IDENTIFIER = com.KatokichiSoft.HKLColorTableTests;
				PRODUCT_NAME = "$(TARGET_NAME)";
			};
			name = Release;
		};
		1AE623471CC27D090076D526 /* Debug */ = {
			isa = XCBuildConfiguration;
			buildSettings = {
				ASSETCATALOG_COMPILER_APPICON_NAME = AppIcon;
				EMBEDDED_CONTENT_CONTAINS_SWIFT = YES;
				INFOPLIST_FILE = ColorTable/Info.plist;
				LD_RUNPATH_SEARCH_PATHS = "$(inherited) @executable_path/Frameworks";
				PRODUCT_BUNDLE_IDENTIFIER = com.KatokichiSoft.ColorTable;
				PRODUCT_NAME = "$(TARGET_NAME)";
			};
			name = Debug;
		};
		1AE623481CC27D090076D526 /* Release */ = {
			isa = XCBuildConfiguration;
			buildSettings = {
				ASSETCATALOG_COMPILER_APPICON_NAME = AppIcon;
				EMBEDDED_CONTENT_CONTAINS_SWIFT = YES;
				INFOPLIST_FILE = ColorTable/Info.plist;
				LD_RUNPATH_SEARCH_PATHS = "$(inherited) @executable_path/Frameworks";
				PRODUCT_BUNDLE_IDENTIFIER = com.KatokichiSoft.ColorTable;
				PRODUCT_NAME = "$(TARGET_NAME)";
			};
			name = Release;
		};
/* End XCBuildConfiguration section */

/* Begin XCConfigurationList section */
		1AC8BFF71CC1F69B00ABFE56 /* Build configuration list for PBXProject "HKLColorTable" */ = {
			isa = XCConfigurationList;
			buildConfigurations = (
				1AC8C00F1CC1F69B00ABFE56 /* Debug */,
				1AC8C0101CC1F69B00ABFE56 /* Release */,
			);
			defaultConfigurationIsVisible = 0;
			defaultConfigurationName = Release;
		};
		1AC8C0111CC1F69B00ABFE56 /* Build configuration list for PBXNativeTarget "HKLColorTable" */ = {
			isa = XCConfigurationList;
			buildConfigurations = (
				1AC8C0121CC1F69B00ABFE56 /* Debug */,
				1AC8C0131CC1F69B00ABFE56 /* Release */,
			);
			defaultConfigurationIsVisible = 0;
			defaultConfigurationName = Release;
		};
		1AC8C0141CC1F69B00ABFE56 /* Build configuration list for PBXNativeTarget "HKLColorTableTests" */ = {
			isa = XCConfigurationList;
			buildConfigurations = (
				1AC8C0151CC1F69B00ABFE56 /* Debug */,
				1AC8C0161CC1F69B00ABFE56 /* Release */,
			);
			defaultConfigurationIsVisible = 0;
			defaultConfigurationName = Release;
		};
		1AE623461CC27D090076D526 /* Build configuration list for PBXNativeTarget "ColorTable" */ = {
			isa = XCConfigurationList;
			buildConfigurations = (
				1AE623471CC27D090076D526 /* Debug */,
				1AE623481CC27D090076D526 /* Release */,
			);
			defaultConfigurationIsVisible = 0;
		};
/* End XCConfigurationList section */
	};
	rootObject = 1AC8BFF41CC1F69B00ABFE56 /* Project object */;
}
